
Microsoft Visual Studio Solution File, Format Version 12.00
# Visual Studio Version 17
VisualStudioVersion = 17.12.35527.113 d17.12
MinimumVisualStudioVersion = 10.0.40219.1
Project("{FAE04EC0-301F-11D3-BF4B-00C04F79EFBC}") = "Apps.Smartling", "Apps.Smartling\Apps.Smartling.csproj", "{091B7E21-A633-4130-932C-932BCAAFCD43}"
EndProject
Project("{FAE04EC0-301F-11D3-BF4B-00C04F79EFBC}") = "Tests.Smartling", "Tests.Smartling\Tests.Smartling.csproj", "{07C412A5-722F-45D6-BDA1-ECED1EA4602D}"
EndProject
Global
	GlobalSection(SolutionConfigurationPlatforms) = preSolution
		Debug|Any CPU = Debug|Any CPU
		Release|Any CPU = Release|Any CPU
	EndGlobalSection
	GlobalSection(ProjectConfigurationPlatforms) = postSolution
		{091B7E21-A633-4130-932C-932BCAAFCD43}.Debug|Any CPU.ActiveCfg = Debug|Any CPU
		{091B7E21-A633-4130-932C-932BCAAFCD43}.Debug|Any CPU.Build.0 = Debug|Any CPU
		{091B7E21-A633-4130-932C-932BCAAFCD43}.Release|Any CPU.ActiveCfg = Release|Any CPU
		{091B7E21-A633-4130-932C-932BCAAFCD43}.Release|Any CPU.Build.0 = Release|Any CPU
		{07C412A5-722F-45D6-BDA1-ECED1EA4602D}.Debug|Any CPU.ActiveCfg = Debug|Any CPU
		{07C412A5-722F-45D6-BDA1-ECED1EA4602D}.Debug|Any CPU.Build.0 = Debug|Any CPU
		{07C412A5-722F-45D6-BDA1-ECED1EA4602D}.Release|Any CPU.ActiveCfg = Release|Any CPU
		{07C412A5-722F-45D6-BDA1-ECED1EA4602D}.Release|Any CPU.Build.0 = Release|Any CPU
	EndGlobalSection
	GlobalSection(SolutionProperties) = preSolution
		HideSolutionNode = FALSE
	EndGlobalSection
EndGlobal
